{
    "name": "Test_Typescript_Project",
    "version": "1.0.0",
    "lockfileVersion": 2,
    "requires": true,
    "packages": {
        "": {
            "name": "Test_Typescript_Project",
            "version": "1.0.0",
            "devDependencies": {
                "@hitc/netsuite-types": "^2022.2.14",
                "typescript": "^4.9.4"
            }
        },
        "node_modules/@hitc/netsuite-types": {
            "version": "2022.2.14",
            "resolved": "https://registry.npmjs.org/@hitc/netsuite-types/-/netsuite-types-2022.2.14.tgz",
            "integrity": "sha512-bb0BZhZdbL/phiWSKPPYC388yqdh7Jotst/zTu81TLusJ7gBYZZmhzMrKTcWeCsOuyd6fKn2lhwjzGMQd+nNfA==",
            "dev": true
        },
        "node_modules/typescript": {
            "version": "4.9.4",
            "resolved": "https://registry.npmjs.org/typescript/-/typescript-4.9.4.tgz",
            "integrity": "sha512-Uz+dTXYzxXXbsFpM86Wh3dKCxrQqUcVMxwU54orwlJjOpO3ao8L7j5lH+dWfTwgCwIuM9GQ2kvVotzYJMXTBZg==",
            "dev": true,
            "bin": {
                "tsc": "bin/tsc",
                "tsserver": "bin/tsserver"
            },
            "engines": {
                "node": ">=4.2.0"
            }
        }
    },
    "dependencies": {
        "@hitc/netsuite-types": {
            "version": "2022.2.14",
            "resolved": "https://registry.npmjs.org/@hitc/netsuite-types/-/netsuite-types-2022.2.14.tgz",
            "integrity": "sha512-bb0BZhZdbL/phiWSKPPYC388yqdh7Jotst/zTu81TLusJ7gBYZZmhzMrKTcWeCsOuyd6fKn2lhwjzGMQd+nNfA==",
            "dev": true
        },
        "typescript": {
            "version": "4.9.4",
            "resolved": "https://registry.npmjs.org/typescript/-/typescript-4.9.4.tgz",
            "integrity": "sha512-Uz+dTXYzxXXbsFpM86Wh3dKCxrQqUcVMxwU54orwlJjOpO3ao8L7j5lH+dWfTwgCwIuM9GQ2kvVotzYJMXTBZg==",
            "dev": true
        }
    }
}
